{
  "name": "cloudform",
  "version": "0.0.1",
  "lockfileVersion": 1,
  "requires": true,
  "dependencies": {
    "@types/node": {
      "version": "8.0.53",
      "resolved": "https://registry.npmjs.org/@types/node/-/node-8.0.53.tgz",
      "integrity": "sha512-54Dm6NwYeiSQmRB1BLXKr5GELi0wFapR1npi8bnZhEcu84d/yQKqnwwXQ56hZ0RUbTG6L5nqDZaN3dgByQXQRQ=="
    },
    "typescript": {
      "version": "2.6.1",
      "resolved": "https://registry.npmjs.org/typescript/-/typescript-2.6.1.tgz",
      "integrity": "sha1-7znN6ierrAtQAkLWcmq5DgyEZjE="
    }
  }
}
